
Microsoft Visual Studio Solution File, Format Version 12.00
# Visual Studio 15
VisualStudioVersion = 15.0.26228.4
MinimumVisualStudioVersion = 10.0.40219.1
Project("{9A19103F-16F7-4668-BE54-9A1E7A4F7556}") = "DynamoDBMapper", "src\DynamoDBMapper\DynamoDBMapper.csproj", "{FF52E589-099A-497D-8CE2-04CEE0DA0A59}"
EndProject
Project("{FAE04EC0-301F-11D3-BF4B-00C04F79EFBC}") = "DynamoDBMapper.Tests", "tests\DynamoDBMapper.Tests\DynamoDBMapper.Tests.csproj", "{C17709B5-58ED-494B-A85B-C0971DB62A84}"
EndProject
Global
	GlobalSection(SolutionConfigurationPlatforms) = preSolution
		Debug|Any CPU = Debug|Any CPU
		Release|Any CPU = Release|Any CPU
	EndGlobalSection
	GlobalSection(ProjectConfigurationPlatforms) = postSolution
		{FF52E589-099A-497D-8CE2-04CEE0DA0A59}.Debug|Any CPU.ActiveCfg = Debug|Any CPU
		{FF52E589-099A-497D-8CE2-04CEE0DA0A59}.Debug|Any CPU.Build.0 = Debug|Any CPU
		{FF52E589-099A-497D-8CE2-04CEE0DA0A59}.Release|Any CPU.ActiveCfg = Release|Any CPU
		{FF52E589-099A-497D-8CE2-04CEE0DA0A59}.Release|Any CPU.Build.0 = Release|Any CPU
		{C17709B5-58ED-494B-A85B-C0971DB62A84}.Debug|Any CPU.ActiveCfg = Debug|Any CPU
		{C17709B5-58ED-494B-A85B-C0971DB62A84}.Debug|Any CPU.Build.0 = Debug|Any CPU
		{C17709B5-58ED-494B-A85B-C0971DB62A84}.Release|Any CPU.ActiveCfg = Release|Any CPU
		{C17709B5-58ED-494B-A85B-C0971DB62A84}.Release|Any CPU.Build.0 = Release|Any CPU
	EndGlobalSection
	GlobalSection(SolutionProperties) = preSolution
		HideSolutionNode = FALSE
	EndGlobalSection
EndGlobal
